
Microsoft Visual Studio Solution File, Format Version 12.00
# Visual Studio 15
VisualStudioVersion = 15.0.27703.2047
MinimumVisualStudioVersion = 10.0.40219.1
Project("{FAE04EC0-301F-11D3-BF4B-00C04F79EFBC}") = "SLCONSTRUCT.UI.WEB", "SLCONSTRUCT.UI.WEB\SLCONSTRUCT.UI.WEB.csproj", "{5E0E4DBF-E576-41F1-81E6-E1A664EF988F}"
EndProject
Project("{2150E333-8FDC-42A3-9474-1A3956D46DE8}") = "UI", "UI", "{6DBC2235-2839-4049-9DCB-F652C5D79FC5}"
EndProject
Project("{2150E333-8FDC-42A3-9474-1A3956D46DE8}") = "CORE", "CORE", "{167F946C-FEA6-43A4-A74E-307615415FF9}"
EndProject
Project("{2150E333-8FDC-42A3-9474-1A3956D46DE8}") = "DATA", "DATA", "{D7105825-F98E-4FD7-A3B8-90FC621BA558}"
EndProject
Project("{2150E333-8FDC-42A3-9474-1A3956D46DE8}") = "BUSINESS", "BUSINESS", "{FF1F716D-FCA0-43C3-B834-2E7375D0ACA9}"
EndProject
Project("{2150E333-8FDC-42A3-9474-1A3956D46DE8}") = "TESTS", "TESTS", "{73C813EB-F3D9-4E06-80FF-EA6833E0B442}"
EndProject
Project("{2150E333-8FDC-42A3-9474-1A3956D46DE8}") = "BUSINESS", "BUSINESS", "{3C255FAC-2F39-4F72-9C72-5B4D526224A5}"
EndProject
Project("{2150E333-8FDC-42A3-9474-1A3956D46DE8}") = "CORE", "CORE", "{825B3102-C262-45B2-A12B-68F80AD5F36F}"
EndProject
Project("{2150E333-8FDC-42A3-9474-1A3956D46DE8}") = "DATA", "DATA", "{E8EA3840-D70A-4060-87FE-65CC4A23055F}"
EndProject
Project("{2150E333-8FDC-42A3-9474-1A3956D46DE8}") = "UI", "UI", "{D03F0D69-565C-411A-B170-7C0589D39CE4}"
EndProject
Project("{FAE04EC0-301F-11D3-BF4B-00C04F79EFBC}") = "SLCONSTRUCT.CORE", "SLCONSTRUCT.CORE\SLCONSTRUCT.CORE.csproj", "{7718C899-9D4E-43F3-B7AE-06DECE48FA67}"
EndProject
Project("{FAE04EC0-301F-11D3-BF4B-00C04F79EFBC}") = "SLCONSTRUCT.CORE.TEST", "SLCONSTRUCT.CORE.TEST\SLCONSTRUCT.CORE.TEST.csproj", "{534F9623-75A0-41C7-A4A9-8CF82971E57D}"
EndProject
Project("{FAE04EC0-301F-11D3-BF4B-00C04F79EFBC}") = "SLCONSTRUCT.DATA", "SLCONSTRUCT.DATA\SLCONSTRUCT.DATA.csproj", "{B307D3DC-DCD8-4769-BC65-A0884E8E3BC9}"
EndProject
Project("{FAE04EC0-301F-11D3-BF4B-00C04F79EFBC}") = "SLCONSTRUCT.DATA.TEST", "SLCONSTRUCT.DATA.TEST\SLCONSTRUCT.DATA.TEST.csproj", "{65D146EF-BE10-43F3-BC21-EDF17FB8A8EC}"
EndProject
Project("{FAE04EC0-301F-11D3-BF4B-00C04F79EFBC}") = "SLCONSTRUCT.BUSINESS", "SLCONSTRUCT.BUSINESS\SLCONSTRUCT.BUSINESS.csproj", "{36FED3AB-547C-417D-B530-86BE69EE0E8E}"
EndProject
Project("{FAE04EC0-301F-11D3-BF4B-00C04F79EFBC}") = "SLCONSTRUCT.BUSINESS.TEST", "SLCONSTRUCT.BUSINESS.TEST\SLCONSTRUCT.BUSINESS.TEST.csproj", "{67503267-AD3E-490C-A9D1-9CC4534D005B}"
EndProject
Global
	GlobalSection(SolutionConfigurationPlatforms) = preSolution
		Debug|Any CPU = Debug|Any CPU
		Release|Any CPU = Release|Any CPU
	EndGlobalSection
	GlobalSection(ProjectConfigurationPlatforms) = postSolution
		{5E0E4DBF-E576-41F1-81E6-E1A664EF988F}.Debug|Any CPU.ActiveCfg = Debug|Any CPU
		{5E0E4DBF-E576-41F1-81E6-E1A664EF988F}.Debug|Any CPU.Build.0 = Debug|Any CPU
		{5E0E4DBF-E576-41F1-81E6-E1A664EF988F}.Release|Any CPU.ActiveCfg = Release|Any CPU
		{5E0E4DBF-E576-41F1-81E6-E1A664EF988F}.Release|Any CPU.Build.0 = Release|Any CPU
		{7718C899-9D4E-43F3-B7AE-06DECE48FA67}.Debug|Any CPU.ActiveCfg = Debug|Any CPU
		{7718C899-9D4E-43F3-B7AE-06DECE48FA67}.Debug|Any CPU.Build.0 = Debug|Any CPU
		{7718C899-9D4E-43F3-B7AE-06DECE48FA67}.Release|Any CPU.ActiveCfg = Release|Any CPU
		{7718C899-9D4E-43F3-B7AE-06DECE48FA67}.Release|Any CPU.Build.0 = Release|Any CPU
		{534F9623-75A0-41C7-A4A9-8CF82971E57D}.Debug|Any CPU.ActiveCfg = Debug|Any CPU
		{534F9623-75A0-41C7-A4A9-8CF82971E57D}.Debug|Any CPU.Build.0 = Debug|Any CPU
		{534F9623-75A0-41C7-A4A9-8CF82971E57D}.Release|Any CPU.ActiveCfg = Release|Any CPU
		{534F9623-75A0-41C7-A4A9-8CF82971E57D}.Release|Any CPU.Build.0 = Release|Any CPU
		{B307D3DC-DCD8-4769-BC65-A0884E8E3BC9}.Debug|Any CPU.ActiveCfg = Debug|Any CPU
		{B307D3DC-DCD8-4769-BC65-A0884E8E3BC9}.Debug|Any CPU.Build.0 = Debug|Any CPU
		{B307D3DC-DCD8-4769-BC65-A0884E8E3BC9}.Release|Any CPU.ActiveCfg = Release|Any CPU
		{B307D3DC-DCD8-4769-BC65-A0884E8E3BC9}.Release|Any CPU.Build.0 = Release|Any CPU
		{65D146EF-BE10-43F3-BC21-EDF17FB8A8EC}.Debug|Any CPU.ActiveCfg = Debug|Any CPU
		{65D146EF-BE10-43F3-BC21-EDF17FB8A8EC}.Debug|Any CPU.Build.0 = Debug|Any CPU
		{65D146EF-BE10-43F3-BC21-EDF17FB8A8EC}.Release|Any CPU.ActiveCfg = Release|Any CPU
		{65D146EF-BE10-43F3-BC21-EDF17FB8A8EC}.Release|Any CPU.Build.0 = Release|Any CPU
		{36FED3AB-547C-417D-B530-86BE69EE0E8E}.Debug|Any CPU.ActiveCfg = Debug|Any CPU
		{36FED3AB-547C-417D-B530-86BE69EE0E8E}.Debug|Any CPU.Build.0 = Debug|Any CPU
		{36FED3AB-547C-417D-B530-86BE69EE0E8E}.Release|Any CPU.ActiveCfg = Release|Any CPU
		{36FED3AB-547C-417D-B530-86BE69EE0E8E}.Release|Any CPU.Build.0 = Release|Any CPU
		{67503267-AD3E-490C-A9D1-9CC4534D005B}.Debug|Any CPU.ActiveCfg = Debug|Any CPU
		{67503267-AD3E-490C-A9D1-9CC4534D005B}.Debug|Any CPU.Build.0 = Debug|Any CPU
		{67503267-AD3E-490C-A9D1-9CC4534D005B}.Release|Any CPU.ActiveCfg = Release|Any CPU
		{67503267-AD3E-490C-A9D1-9CC4534D005B}.Release|Any CPU.Build.0 = Release|Any CPU
	EndGlobalSection
	GlobalSection(SolutionProperties) = preSolution
		HideSolutionNode = FALSE
	EndGlobalSection
	GlobalSection(NestedProjects) = preSolution
		{5E0E4DBF-E576-41F1-81E6-E1A664EF988F} = {6DBC2235-2839-4049-9DCB-F652C5D79FC5}
		{3C255FAC-2F39-4F72-9C72-5B4D526224A5} = {73C813EB-F3D9-4E06-80FF-EA6833E0B442}
		{825B3102-C262-45B2-A12B-68F80AD5F36F} = {73C813EB-F3D9-4E06-80FF-EA6833E0B442}
		{E8EA3840-D70A-4060-87FE-65CC4A23055F} = {73C813EB-F3D9-4E06-80FF-EA6833E0B442}
		{D03F0D69-565C-411A-B170-7C0589D39CE4} = {73C813EB-F3D9-4E06-80FF-EA6833E0B442}
		{7718C899-9D4E-43F3-B7AE-06DECE48FA67} = {167F946C-FEA6-43A4-A74E-307615415FF9}
		{534F9623-75A0-41C7-A4A9-8CF82971E57D} = {825B3102-C262-45B2-A12B-68F80AD5F36F}
		{B307D3DC-DCD8-4769-BC65-A0884E8E3BC9} = {D7105825-F98E-4FD7-A3B8-90FC621BA558}
		{65D146EF-BE10-43F3-BC21-EDF17FB8A8EC} = {E8EA3840-D70A-4060-87FE-65CC4A23055F}
		{36FED3AB-547C-417D-B530-86BE69EE0E8E} = {FF1F716D-FCA0-43C3-B834-2E7375D0ACA9}
		{67503267-AD3E-490C-A9D1-9CC4534D005B} = {3C255FAC-2F39-4F72-9C72-5B4D526224A5}
	EndGlobalSection
	GlobalSection(ExtensibilityGlobals) = postSolution
		SolutionGuid = {E5503987-2CAB-4FA7-BC3C-422E149E22F6}
	EndGlobalSection
	GlobalSection(TeamFoundationVersionControl) = preSolution
		SccNumberOfProjects = 8
		SccEnterpriseProvider = {4CA58AB2-18FA-4F8D-95D4-32DDF27D184C}
		SccTeamFoundationServer = https://saolucasedubr.visualstudio.com/
		SccLocalPath0 = .
		SccProjectUniqueName1 = SLCONSTRUCT.UI.WEB\\SLCONSTRUCT.UI.WEB.csproj
		SccProjectTopLevelParentUniqueName1 = SLCONSTRUCT.sln
		SccProjectName1 = SLCONSTRUCT.UI.WEB
		SccLocalPath1 = SLCONSTRUCT.UI.WEB
		SccProjectUniqueName2 = SLCONSTRUCT.CORE\\SLCONSTRUCT.CORE.csproj
		SccProjectTopLevelParentUniqueName2 = SLCONSTRUCT.sln
		SccProjectName2 = SLCONSTRUCT.CORE
		SccLocalPath2 = SLCONSTRUCT.CORE
		SccProjectUniqueName3 = SLCONSTRUCT.CORE.TEST\\SLCONSTRUCT.CORE.TEST.csproj
		SccProjectTopLevelParentUniqueName3 = SLCONSTRUCT.sln
		SccProjectName3 = SLCONSTRUCT.CORE.TEST
		SccLocalPath3 = SLCONSTRUCT.CORE.TEST
		SccProjectUniqueName4 = SLCONSTRUCT.DATA\\SLCONSTRUCT.DATA.csproj
		SccProjectTopLevelParentUniqueName4 = SLCONSTRUCT.sln
		SccProjectName4 = SLCONSTRUCT.DATA
		SccLocalPath4 = SLCONSTRUCT.DATA
		SccProjectUniqueName5 = SLCONSTRUCT.DATA.TEST\\SLCONSTRUCT.DATA.TEST.csproj
		SccProjectTopLevelParentUniqueName5 = SLCONSTRUCT.sln
		SccProjectName5 = SLCONSTRUCT.DATA.TEST
		SccLocalPath5 = SLCONSTRUCT.DATA.TEST
		SccProjectUniqueName6 = SLCONSTRUCT.BUSINESS\\SLCONSTRUCT.BUSINESS.csproj
		SccProjectTopLevelParentUniqueName6 = SLCONSTRUCT.sln
		SccProjectName6 = SLCONSTRUCT.BUSINESS
		SccLocalPath6 = SLCONSTRUCT.BUSINESS
		SccProjectUniqueName7 = SLCONSTRUCT.BUSINESS.TEST\\SLCONSTRUCT.BUSINESS.TEST.csproj
		SccProjectTopLevelParentUniqueName7 = SLCONSTRUCT.sln
		SccProjectName7 = SLCONSTRUCT.BUSINESS.TEST
		SccLocalPath7 = SLCONSTRUCT.BUSINESS.TEST
	EndGlobalSection
EndGlobal
